# This file is generated by running "yarn install" inside your project.
# Manual changes might be lost - proceed with caution!

__metadata:
  version: 8
  cacheKey: 10c0

"@emnapi/runtime@npm:^1.5.0":
  version: 1.6.0
  resolution: "@emnapi/runtime@npm:1.6.0"
  dependencies:
    tslib: "npm:^2.4.0"
  checksum: 10c0/e3d2452a8fb83bb59fe60dfcf4cff99f9680c13c07dff8ad28639ccc8790151841ef626a67014bde132939bad73dfacc440ade8c3db2ab12693ea9c8ba4d37fb
  languageName: node
  linkType: hard

"@img/colour@npm:^1.0.0":
  version: 1.0.0
  resolution: "@img/colour@npm:1.0.0"
  checksum: 10c0/02261719c1e0d7aa5a2d585981954f2ac126f0c432400aa1a01b925aa2c41417b7695da8544ee04fd29eba7ecea8eaf9b8bef06f19dc8faba78f94eeac40667d
  languageName: node
  linkType: hard

"@img/sharp-darwin-arm64@npm:0.34.4":
  version: 0.34.4
  resolution: "@img/sharp-darwin-arm64@npm:0.34.4"
  dependencies:
    "@img/sharp-libvips-darwin-arm64": "npm:1.2.3"
  dependenciesMeta:
    "@img/sharp-libvips-darwin-arm64":
      optional: true
  conditions: os=darwin & cpu=arm64
  languageName: node
  linkType: hard

"@img/sharp-darwin-x64@npm:0.34.4":
  version: 0.34.4
  resolution: "@img/sharp-darwin-x64@npm:0.34.4"
  dependencies:
    "@img/sharp-libvips-darwin-x64": "npm:1.2.3"
  dependenciesMeta:
    "@img/sharp-libvips-darwin-x64":
      optional: true
  conditions: os=darwin & cpu=x64
  languageName: node
  linkType: hard

"@img/sharp-libvips-darwin-arm64@npm:1.2.3":
  version: 1.2.3
  resolution: "@img/sharp-libvips-darwin-arm64@npm:1.2.3"
  conditions: os=darwin & cpu=arm64
  languageName: node
  linkType: hard

"@img/sharp-libvips-darwin-x64@npm:1.2.3":
  version: 1.2.3
  resolution: "@img/sharp-libvips-darwin-x64@npm:1.2.3"
  conditions: os=darwin & cpu=x64
  languageName: node
  linkType: hard

"@img/sharp-libvips-linux-arm64@npm:1.2.3":
  version: 1.2.3
  resolution: "@img/sharp-libvips-linux-arm64@npm:1.2.3"
  conditions: os=linux & cpu=arm64 & libc=glibc
  languageName: node
  linkType: hard

"@img/sharp-libvips-linux-arm@npm:1.2.3":
  version: 1.2.3
  resolution: "@img/sharp-libvips-linux-arm@npm:1.2.3"
  conditions: os=linux & cpu=arm & libc=glibc
  languageName: node
  linkType: hard

"@img/sharp-libvips-linux-ppc64@npm:1.2.3":
  version: 1.2.3
  resolution: "@img/sharp-libvips-linux-ppc64@npm:1.2.3"
  conditions: os=linux & cpu=ppc64 & libc=glibc
  languageName: node
  linkType: hard

"@img/sharp-libvips-linux-s390x@npm:1.2.3":
  version: 1.2.3
  resolution: "@img/sharp-libvips-linux-s390x@npm:1.2.3"
  conditions: os=linux & cpu=s390x & libc=glibc
  languageName: node
  linkType: hard

"@img/sharp-libvips-linux-x64@npm:1.2.3":
  version: 1.2.3
  resolution: "@img/sharp-libvips-linux-x64@npm:1.2.3"
  conditions: os=linux & cpu=x64 & libc=glibc
  languageName: node
  linkType: hard

"@img/sharp-libvips-linuxmusl-arm64@npm:1.2.3":
  version: 1.2.3
  resolution: "@img/sharp-libvips-linuxmusl-arm64@npm:1.2.3"
  conditions: os=linux & cpu=arm64 & libc=musl
  languageName: node
  linkType: hard

"@img/sharp-libvips-linuxmusl-x64@npm:1.2.3":
  version: 1.2.3
  resolution: "@img/sharp-libvips-linuxmusl-x64@npm:1.2.3"
  conditions: os=linux & cpu=x64 & libc=musl
  languageName: node
  linkType: hard

"@img/sharp-linux-arm64@npm:0.34.4":
  version: 0.34.4
  resolution: "@img/sharp-linux-arm64@npm:0.34.4"
  dependencies:
    "@img/sharp-libvips-linux-arm64": "npm:1.2.3"
  dependenciesMeta:
    "@img/sharp-libvips-linux-arm64":
      optional: true
  conditions: os=linux & cpu=arm64 & libc=glibc
  languageName: node
  linkType: hard

"@img/sharp-linux-arm@npm:0.34.4":
  version: 0.34.4
  resolution: "@img/sharp-linux-arm@npm:0.34.4"
  dependencies:
    "@img/sharp-libvips-linux-arm": "npm:1.2.3"
  dependenciesMeta:
    "@img/sharp-libvips-linux-arm":
      optional: true
  conditions: os=linux & cpu=arm & libc=glibc
  languageName: node
  linkType: hard

"@img/sharp-linux-ppc64@npm:0.34.4":
  version: 0.34.4
  resolution: "@img/sharp-linux-ppc64@npm:0.34.4"
  dependencies:
    "@img/sharp-libvips-linux-ppc64": "npm:1.2.3"
  dependenciesMeta:
    "@img/sharp-libvips-linux-ppc64":
      optional: true
  conditions: os=linux & cpu=ppc64 & libc=glibc
  languageName: node
  linkType: hard

"@img/sharp-linux-s390x@npm:0.34.4":
  version: 0.34.4
  resolution: "@img/sharp-linux-s390x@npm:0.34.4"
  dependencies:
    "@img/sharp-libvips-linux-s390x": "npm:1.2.3"
  dependenciesMeta:
    "@img/sharp-libvips-linux-s390x":
      optional: true
  conditions: os=linux & cpu=s390x & libc=glibc
  languageName: node
  linkType: hard

"@img/sharp-linux-x64@npm:0.34.4":
  version: 0.34.4
  resolution: "@img/sharp-linux-x64@npm:0.34.4"
  dependencies:
    "@img/sharp-libvips-linux-x64": "npm:1.2.3"
  dependenciesMeta:
    "@img/sharp-libvips-linux-x64":
      optional: true
  conditions: os=linux & cpu=x64 & libc=glibc
  languageName: node
  linkType: hard

"@img/sharp-linuxmusl-arm64@npm:0.34.4":
  version: 0.34.4
  resolution: "@img/sharp-linuxmusl-arm64@npm:0.34.4"
  dependencies:
    "@img/sharp-libvips-linuxmusl-arm64": "npm:1.2.3"
  dependenciesMeta:
    "@img/sharp-libvips-linuxmusl-arm64":
      optional: true
  conditions: os=linux & cpu=arm64 & libc=musl
  languageName: node
  linkType: hard

"@img/sharp-linuxmusl-x64@npm:0.34.4":
  version: 0.34.4
  resolution: "@img/sharp-linuxmusl-x64@npm:0.34.4"
  dependencies:
    "@img/sharp-libvips-linuxmusl-x64": "npm:1.2.3"
  dependenciesMeta:
    "@img/sharp-libvips-linuxmusl-x64":
      optional: true
  conditions: os=linux & cpu=x64 & libc=musl
  languageName: node
  linkType: hard

"@img/sharp-wasm32@npm:0.34.4":
  version: 0.34.4
  resolution: "@img/sharp-wasm32@npm:0.34.4"
  dependencies:
    "@emnapi/runtime": "npm:^1.5.0"
  conditions: cpu=wasm32
  languageName: node
  linkType: hard

"@img/sharp-win32-arm64@npm:0.34.4":
  version: 0.34.4
  resolution: "@img/sharp-win32-arm64@npm:0.34.4"
  conditions: os=win32 & cpu=arm64
  languageName: node
  linkType: hard

"@img/sharp-win32-ia32@npm:0.34.4":
  version: 0.34.4
  resolution: "@img/sharp-win32-ia32@npm:0.34.4"
  conditions: os=win32 & cpu=ia32
  languageName: node
  linkType: hard

"@img/sharp-win32-x64@npm:0.34.4":
  version: 0.34.4
  resolution: "@img/sharp-win32-x64@npm:0.34.4"
  conditions: os=win32 & cpu=x64
  languageName: node
  linkType: hard

"boolbase@npm:^1.0.0":
  version: 1.0.0
  resolution: "boolbase@npm:1.0.0"
  checksum: 10c0/e4b53deb4f2b85c52be0e21a273f2045c7b6a6ea002b0e139c744cb6f95e9ec044439a52883b0d74dedd1ff3da55ed140cfdddfed7fb0cccbed373de5dce1bcf
  languageName: node
  linkType: hard

"commander@npm:^11.1.0":
  version: 11.1.0
  resolution: "commander@npm:11.1.0"
  checksum: 10c0/13cc6ac875e48780250f723fb81c1c1178d35c5decb1abb1b628b3177af08a8554e76b2c0f29de72d69eef7c864d12613272a71fabef8047922bc622ab75a179
  languageName: node
  linkType: hard

"css-select@npm:^5.1.0":
  version: 5.2.2
  resolution: "css-select@npm:5.2.2"
  dependencies:
    boolbase: "npm:^1.0.0"
    css-what: "npm:^6.1.0"
    domhandler: "npm:^5.0.2"
    domutils: "npm:^3.0.1"
    nth-check: "npm:^2.0.1"
  checksum: 10c0/d79fffa97106007f2802589f3ed17b8c903f1c961c0fc28aa8a051eee0cbad394d8446223862efd4c1b40445a6034f626bb639cf2035b0bfc468544177593c99
  languageName: node
  linkType: hard

"css-tree@npm:^3.0.1":
  version: 3.1.0
  resolution: "css-tree@npm:3.1.0"
  dependencies:
    mdn-data: "npm:2.12.2"
    source-map-js: "npm:^1.0.1"
  checksum: 10c0/b5715852c2f397c715ca00d56ec53fc83ea596295ae112eb1ba6a1bda3b31086380e596b1d8c4b980fe6da09e7d0fc99c64d5bb7313030dd0fba9c1415f30979
  languageName: node
  linkType: hard

"css-tree@npm:~2.2.0":
  version: 2.2.1
  resolution: "css-tree@npm:2.2.1"
  dependencies:
    mdn-data: "npm:2.0.28"
    source-map-js: "npm:^1.0.1"
  checksum: 10c0/47e87b0f02f8ac22f57eceb65c58011dd142d2158128882a0bf963cf2eabb81a4ebbc2e3790c8289be7919fa8b83750c7b69272bd66772c708143b772ba3c186
  languageName: node
  linkType: hard

"css-what@npm:^6.1.0":
  version: 6.2.2
  resolution: "css-what@npm:6.2.2"
  checksum: 10c0/91e24c26fb977b4ccef30d7007d2668c1c10ac0154cc3f42f7304410e9594fb772aea4f30c832d2993b132ca8d99338050866476210316345ec2e7d47b248a56
  languageName: node
  linkType: hard

"csso@npm:^5.0.5":
  version: 5.0.5
  resolution: "csso@npm:5.0.5"
  dependencies:
    css-tree: "npm:~2.2.0"
  checksum: 10c0/ab4beb1e97dd7e207c10e9925405b45f15a6cd1b4880a8686ad573aa6d476aed28b4121a666cffd26c37a26179f7b54741f7c257543003bfb244d06a62ad569b
  languageName: node
  linkType: hard

"detect-libc@npm:^2.1.0":
  version: 2.1.2
  resolution: "detect-libc@npm:2.1.2"
  checksum: 10c0/acc675c29a5649fa1fb6e255f993b8ee829e510b6b56b0910666949c80c364738833417d0edb5f90e4e46be17228b0f2b66a010513984e18b15deeeac49369c4
  languageName: node
  linkType: hard

"dom-serializer@npm:^2.0.0":
  version: 2.0.0
  resolution: "dom-serializer@npm:2.0.0"
  dependencies:
    domelementtype: "npm:^2.3.0"
    domhandler: "npm:^5.0.2"
    entities: "npm:^4.2.0"
  checksum: 10c0/d5ae2b7110ca3746b3643d3ef60ef823f5f078667baf530cec096433f1627ec4b6fa8c072f09d079d7cda915fd2c7bc1b7b935681e9b09e591e1e15f4040b8e2
  languageName: node
  linkType: hard

"domelementtype@npm:^2.3.0":
  version: 2.3.0
  resolution: "domelementtype@npm:2.3.0"
  checksum: 10c0/686f5a9ef0fff078c1412c05db73a0dce096190036f33e400a07e2a4518e9f56b1e324f5c576a0a747ef0e75b5d985c040b0d51945ce780c0dd3c625a18cd8c9
  languageName: node
  linkType: hard

"domhandler@npm:^5.0.2, domhandler@npm:^5.0.3":
  version: 5.0.3
  resolution: "domhandler@npm:5.0.3"
  dependencies:
    domelementtype: "npm:^2.3.0"
  checksum: 10c0/bba1e5932b3e196ad6862286d76adc89a0dbf0c773e5ced1eb01f9af930c50093a084eff14b8de5ea60b895c56a04d5de8bbc4930c5543d029091916770b2d2a
  languageName: node
  linkType: hard

"domutils@npm:^3.0.1":
  version: 3.2.2
  resolution: "domutils@npm:3.2.2"
  dependencies:
    dom-serializer: "npm:^2.0.0"
    domelementtype: "npm:^2.3.0"
    domhandler: "npm:^5.0.3"
  checksum: 10c0/47938f473b987ea71cd59e59626eb8666d3aa8feba5266e45527f3b636c7883cca7e582d901531961f742c519d7514636b7973353b648762b2e3bedbf235fada
  languageName: node
  linkType: hard

"entities@npm:^4.2.0":
  version: 4.5.0
  resolution: "entities@npm:4.5.0"
  checksum: 10c0/5b039739f7621f5d1ad996715e53d964035f75ad3b9a4d38c6b3804bb226e282ffeae2443624d8fdd9c47d8e926ae9ac009c54671243f0c3294c26af7cc85250
  languageName: node
  linkType: hard

"fs-extra@npm:^11.3.2":
  version: 11.3.2
  resolution: "fs-extra@npm:11.3.2"
  dependencies:
    graceful-fs: "npm:^4.2.0"
    jsonfile: "npm:^6.0.1"
    universalify: "npm:^2.0.0"
  checksum: 10c0/f5d629e1bb646d5dedb4d8b24c5aad3deb8cc1d5438979d6f237146cd10e113b49a949ae1b54212c2fbc98e2d0995f38009a9a1d0520f0287943335e65fe919b
  languageName: node
  linkType: hard

"graceful-fs@npm:^4.1.6, graceful-fs@npm:^4.2.0":
  version: 4.2.11
  resolution: "graceful-fs@npm:4.2.11"
  checksum: 10c0/386d011a553e02bc594ac2ca0bd6d9e4c22d7fa8cfbfc448a6d148c59ea881b092db9dbe3547ae4b88e55f1b01f7c4a2ecc53b310c042793e63aa44cf6c257f2
  languageName: node
  linkType: hard

"jsonfile@npm:^6.0.1":
  version: 6.2.0
  resolution: "jsonfile@npm:6.2.0"
  dependencies:
    graceful-fs: "npm:^4.1.6"
    universalify: "npm:^2.0.0"
  dependenciesMeta:
    graceful-fs:
      optional: true
  checksum: 10c0/7f4f43b08d1869ded8a6822213d13ae3b99d651151d77efd1557ced0889c466296a7d9684e397bd126acf5eb2cfcb605808c3e681d0fdccd2fe5a04b47e76c0d
  languageName: node
  linkType: hard

"mail-icons@workspace:.":
  version: 0.0.0-use.local
  resolution: "mail-icons@workspace:."
  dependencies:
    fs-extra: "npm:^11.3.2"
    sharp: "npm:^0.34.4"
    svgo: "npm:^4.0.0"
  languageName: unknown
  linkType: soft

"mdn-data@npm:2.0.28":
  version: 2.0.28
  resolution: "mdn-data@npm:2.0.28"
  checksum: 10c0/20000932bc4cd1cde9cba4e23f08cc4f816398af4c15ec81040ed25421d6bf07b5cf6b17095972577fb498988f40f4cb589e3169b9357bb436a12d8e07e5ea7b
  languageName: node
  linkType: hard

"mdn-data@npm:2.12.2":
  version: 2.12.2
  resolution: "mdn-data@npm:2.12.2"
  checksum: 10c0/b22443b71d70f72ccc3c6ba1608035431a8fc18c3c8fc53523f06d20e05c2ac10f9b53092759a2ca85cf02f0d37036f310b581ce03e7b99ac74d388ef8152ade
  languageName: node
  linkType: hard

"nth-check@npm:^2.0.1":
  version: 2.1.1
  resolution: "nth-check@npm:2.1.1"
  dependencies:
    boolbase: "npm:^1.0.0"
  checksum: 10c0/5fee7ff309727763689cfad844d979aedd2204a817fbaaf0e1603794a7c20db28548d7b024692f953557df6ce4a0ee4ae46cd8ebd9b36cfb300b9226b567c479
  languageName: node
  linkType: hard

"picocolors@npm:^1.1.1":
  version: 1.1.1
  resolution: "picocolors@npm:1.1.1"
  checksum: 10c0/e2e3e8170ab9d7c7421969adaa7e1b31434f789afb9b3f115f6b96d91945041ac3ceb02e9ec6fe6510ff036bcc0bf91e69a1772edc0b707e12b19c0f2d6bcf58
  languageName: node
  linkType: hard

"sax@npm:^1.4.1":
  version: 1.4.1
  resolution: "sax@npm:1.4.1"
  checksum: 10c0/6bf86318a254c5d898ede6bd3ded15daf68ae08a5495a2739564eb265cd13bcc64a07ab466fb204f67ce472bb534eb8612dac587435515169593f4fffa11de7c
  languageName: node
  linkType: hard

"semver@npm:^7.7.2":
  version: 7.7.3
  resolution: "semver@npm:7.7.3"
  bin:
    semver: bin/semver.js
  checksum: 10c0/4afe5c986567db82f44c8c6faef8fe9df2a9b1d98098fc1721f57c696c4c21cebd572f297fc21002f81889492345b8470473bc6f4aff5fb032a6ea59ea2bc45e
  languageName: node
  linkType: hard

"sharp@npm:^0.34.4":
  version: 0.34.4
  resolution: "sharp@npm:0.34.4"
  dependencies:
    "@img/colour": "npm:^1.0.0"
    "@img/sharp-darwin-arm64": "npm:0.34.4"
    "@img/sharp-darwin-x64": "npm:0.34.4"
    "@img/sharp-libvips-darwin-arm64": "npm:1.2.3"
    "@img/sharp-libvips-darwin-x64": "npm:1.2.3"
    "@img/sharp-libvips-linux-arm": "npm:1.2.3"
    "@img/sharp-libvips-linux-arm64": "npm:1.2.3"
    "@img/sharp-libvips-linux-ppc64": "npm:1.2.3"
    "@img/sharp-libvips-linux-s390x": "npm:1.2.3"
    "@img/sharp-libvips-linux-x64": "npm:1.2.3"
    "@img/sharp-libvips-linuxmusl-arm64": "npm:1.2.3"
    "@img/sharp-libvips-linuxmusl-x64": "npm:1.2.3"
    "@img/sharp-linux-arm": "npm:0.34.4"
    "@img/sharp-linux-arm64": "npm:0.34.4"
    "@img/sharp-linux-ppc64": "npm:0.34.4"
    "@img/sharp-linux-s390x": "npm:0.34.4"
    "@img/sharp-linux-x64": "npm:0.34.4"
    "@img/sharp-linuxmusl-arm64": "npm:0.34.4"
    "@img/sharp-linuxmusl-x64": "npm:0.34.4"
    "@img/sharp-wasm32": "npm:0.34.4"
    "@img/sharp-win32-arm64": "npm:0.34.4"
    "@img/sharp-win32-ia32": "npm:0.34.4"
    "@img/sharp-win32-x64": "npm:0.34.4"
    detect-libc: "npm:^2.1.0"
    semver: "npm:^7.7.2"
  dependenciesMeta:
    "@img/sharp-darwin-arm64":
      optional: true
    "@img/sharp-darwin-x64":
      optional: true
    "@img/sharp-libvips-darwin-arm64":
      optional: true
    "@img/sharp-libvips-darwin-x64":
      optional: true
    "@img/sharp-libvips-linux-arm":
      optional: true
    "@img/sharp-libvips-linux-arm64":
      optional: true
    "@img/sharp-libvips-linux-ppc64":
      optional: true
    "@img/sharp-libvips-linux-s390x":
      optional: true
    "@img/sharp-libvips-linux-x64":
      optional: true
    "@img/sharp-libvips-linuxmusl-arm64":
      optional: true
    "@img/sharp-libvips-linuxmusl-x64":
      optional: true
    "@img/sharp-linux-arm":
      optional: true
    "@img/sharp-linux-arm64":
      optional: true
    "@img/sharp-linux-ppc64":
      optional: true
    "@img/sharp-linux-s390x":
      optional: true
    "@img/sharp-linux-x64":
      optional: true
    "@img/sharp-linuxmusl-arm64":
      optional: true
    "@img/sharp-linuxmusl-x64":
      optional: true
    "@img/sharp-wasm32":
      optional: true
    "@img/sharp-win32-arm64":
      optional: true
    "@img/sharp-win32-ia32":
      optional: true
    "@img/sharp-win32-x64":
      optional: true
  checksum: 10c0/c2d8afab823a53bb720c42aaddde2031d7a1e25b7f1bd123e342b6b77ffce5e2730017fd52282cadf6109b325bc16f35be4771caa040cf2855978b709be35f05
  languageName: node
  linkType: hard

"source-map-js@npm:^1.0.1":
  version: 1.2.1
  resolution: "source-map-js@npm:1.2.1"
  checksum: 10c0/7bda1fc4c197e3c6ff17de1b8b2c20e60af81b63a52cb32ec5a5d67a20a7d42651e2cb34ebe93833c5a2a084377e17455854fee3e21e7925c64a51b6a52b0faf
  languageName: node
  linkType: hard

"svgo@npm:^4.0.0":
  version: 4.0.0
  resolution: "svgo@npm:4.0.0"
  dependencies:
    commander: "npm:^11.1.0"
    css-select: "npm:^5.1.0"
    css-tree: "npm:^3.0.1"
    css-what: "npm:^6.1.0"
    csso: "npm:^5.0.5"
    picocolors: "npm:^1.1.1"
    sax: "npm:^1.4.1"
  bin:
    svgo: ./bin/svgo.js
  checksum: 10c0/2b01c910d59d10bb15e17714181a8fa96531b09a4e2cf2ca1abe24dbcb8400725b6d542d6e456c62222546e334d5b344799c170c5b6be0c48e31b02c23297275
  languageName: node
  linkType: hard

"tslib@npm:^2.4.0":
  version: 2.8.1
  resolution: "tslib@npm:2.8.1"
  checksum: 10c0/9c4759110a19c53f992d9aae23aac5ced636e99887b51b9e61def52611732872ff7668757d4e4c61f19691e36f4da981cd9485e869b4a7408d689f6bf1f14e62
  languageName: node
  linkType: hard

"universalify@npm:^2.0.0":
  version: 2.0.1
  resolution: "universalify@npm:2.0.1"
  checksum: 10c0/73e8ee3809041ca8b818efb141801a1004e3fc0002727f1531f4de613ea281b494a40909596dae4a042a4fb6cd385af5d4db2e137b1362e0e91384b828effd3a
  languageName: node
  linkType: hard
